
Microsoft Visual Studio Solution File, Format Version 12.00
# Visual Studio 2013
VisualStudioVersion = 12.0.21005.1
MinimumVisualStudioVersion = 10.0.40219.1
Project("{FAE04EC0-301F-11D3-BF4B-00C04F79EFBC}") = "OpenGEWindows", "OpenGEWindows\OpenGEWindows.csproj", "{60AA44D6-E4B0-48A8-A5F0-2B9FD3D00171}"
EndProject
Project("{FAE04EC0-301F-11D3-BF4B-00C04F79EFBC}") = "GEDataBot.BL", "GEDataBot.BL\GEDataBot.BL.csproj", "{4370236D-B133-4185-84C6-D51496FD1579}"
EndProject
Project("{2150E333-8FDC-42A3-9474-1A3956D46DE8}") = "Tests", "Tests", "{F73A10B7-F069-4DB7-9B81-B005C995052E}"
EndProject
Project("{FAE04EC0-301F-11D3-BF4B-00C04F79EFBC}") = "GEDataBot.BL.Tests", "GEDataBot.BL.Tests\GEDataBot.BL.Tests.csproj", "{E3F316BF-E515-49DB-9E41-6B582F067AC3}"
EndProject
Project("{FAE04EC0-301F-11D3-BF4B-00C04F79EFBC}") = "botwindow.tests", "botwindow.tests\botwindow.tests.csproj", "{AAA59266-C919-4ED2-933F-4A9E83491D27}"
EndProject
Project("{FAE04EC0-301F-11D3-BF4B-00C04F79EFBC}") = "ConsoleApplication2", "ConsoleApplication2\ConsoleApplication2.csproj", "{85F264E3-A243-4A1B-A6BF-A1DCBDAEA10D}"
EndProject
Project("{FAE04EC0-301F-11D3-BF4B-00C04F79EFBC}") = "GEBot.Data", "GEBot.Data\GEBot.Data.csproj", "{3E94057C-F406-4C7A-B12C-FC8EA064B141}"
EndProject
Global
	GlobalSection(SolutionConfigurationPlatforms) = preSolution
		Debug|Any CPU = Debug|Any CPU
		Release|Any CPU = Release|Any CPU
	EndGlobalSection
	GlobalSection(ProjectConfigurationPlatforms) = postSolution
		{60AA44D6-E4B0-48A8-A5F0-2B9FD3D00171}.Debug|Any CPU.ActiveCfg = Debug|Any CPU
		{60AA44D6-E4B0-48A8-A5F0-2B9FD3D00171}.Debug|Any CPU.Build.0 = Debug|Any CPU
		{60AA44D6-E4B0-48A8-A5F0-2B9FD3D00171}.Release|Any CPU.ActiveCfg = Release|Any CPU
		{60AA44D6-E4B0-48A8-A5F0-2B9FD3D00171}.Release|Any CPU.Build.0 = Release|Any CPU
		{4370236D-B133-4185-84C6-D51496FD1579}.Debug|Any CPU.ActiveCfg = Debug|Any CPU
		{4370236D-B133-4185-84C6-D51496FD1579}.Debug|Any CPU.Build.0 = Debug|Any CPU
		{4370236D-B133-4185-84C6-D51496FD1579}.Release|Any CPU.ActiveCfg = Release|Any CPU
		{4370236D-B133-4185-84C6-D51496FD1579}.Release|Any CPU.Build.0 = Release|Any CPU
		{E3F316BF-E515-49DB-9E41-6B582F067AC3}.Debug|Any CPU.ActiveCfg = Debug|Any CPU
		{E3F316BF-E515-49DB-9E41-6B582F067AC3}.Debug|Any CPU.Build.0 = Debug|Any CPU
		{E3F316BF-E515-49DB-9E41-6B582F067AC3}.Release|Any CPU.ActiveCfg = Release|Any CPU
		{E3F316BF-E515-49DB-9E41-6B582F067AC3}.Release|Any CPU.Build.0 = Release|Any CPU
		{AAA59266-C919-4ED2-933F-4A9E83491D27}.Debug|Any CPU.ActiveCfg = Debug|Any CPU
		{AAA59266-C919-4ED2-933F-4A9E83491D27}.Debug|Any CPU.Build.0 = Debug|Any CPU
		{AAA59266-C919-4ED2-933F-4A9E83491D27}.Release|Any CPU.ActiveCfg = Release|Any CPU
		{AAA59266-C919-4ED2-933F-4A9E83491D27}.Release|Any CPU.Build.0 = Release|Any CPU
		{85F264E3-A243-4A1B-A6BF-A1DCBDAEA10D}.Debug|Any CPU.ActiveCfg = Debug|Any CPU
		{85F264E3-A243-4A1B-A6BF-A1DCBDAEA10D}.Debug|Any CPU.Build.0 = Debug|Any CPU
		{85F264E3-A243-4A1B-A6BF-A1DCBDAEA10D}.Release|Any CPU.ActiveCfg = Release|Any CPU
		{85F264E3-A243-4A1B-A6BF-A1DCBDAEA10D}.Release|Any CPU.Build.0 = Release|Any CPU
		{3E94057C-F406-4C7A-B12C-FC8EA064B141}.Debug|Any CPU.ActiveCfg = Debug|Any CPU
		{3E94057C-F406-4C7A-B12C-FC8EA064B141}.Debug|Any CPU.Build.0 = Debug|Any CPU
		{3E94057C-F406-4C7A-B12C-FC8EA064B141}.Release|Any CPU.ActiveCfg = Release|Any CPU
		{3E94057C-F406-4C7A-B12C-FC8EA064B141}.Release|Any CPU.Build.0 = Release|Any CPU
	EndGlobalSection
	GlobalSection(SolutionProperties) = preSolution
		HideSolutionNode = FALSE
	EndGlobalSection
	GlobalSection(NestedProjects) = preSolution
		{E3F316BF-E515-49DB-9E41-6B582F067AC3} = {F73A10B7-F069-4DB7-9B81-B005C995052E}
		{AAA59266-C919-4ED2-933F-4A9E83491D27} = {F73A10B7-F069-4DB7-9B81-B005C995052E}
	EndGlobalSection
EndGlobal
